---
summary: Unblock a user
description: 'Unblocks the given user and returns a 204.'
tags:
  - users
operationId: users/unblock
externalDocs:
  description: API method documentation
  url: '${externalDocsUrl}/rest/users/blocking#unblock-a-user'
parameters:
  - $ref: '../../components/parameters/username.yaml'
responses:
  '204':
    description: Response
  '304':
    $ref: '../../components/responses/not_modified.yaml'
  '403':
    $ref: '../../components/responses/forbidden.yaml'
  '401':
    $ref: '../../components/responses/requires_authentication.yaml'
  '404':
    $ref: '../../components/responses/not_found.yaml'
x-github-releases:
  - ghec
  - api.github.com
x-github:
  githubCloudOnly: false
  enabledForGitHubApps: false
  category: users
  subcategory: blocking
x-github-internal:
  path: '/user/blocks/{username}'
  http-method: delete
  service-tier: 2
  owner: '@github/trust-safety-engineering'
  published: true
